# @generated - this file is auto-generated by `mise lock` https://mise.en.dev/dev-tools/mise-lock.html

[[tools.helm]]
version = "4.2.3"
backend = "aqua:helm/helm"

[tools.helm."platforms.linux-arm64"]
checksum = "sha256:21abd9354d39b2cd79a8d76be6912cd137a983cbf997193503fb8a6a6e2f2785"
url = "https://get.helm.sh/helm-v4.2.3-linux-arm64.tar.gz"

[tools.helm."platforms.linux-arm64-musl"]
checksum = "sha256:21abd9354d39b2cd79a8d76be6912cd137a983cbf997193503fb8a6a6e2f2785"
url = "https://get.helm.sh/helm-v4.2.3-linux-arm64.tar.gz"

[tools.helm."platforms.linux-x64"]
checksum = "sha256:e9b88b4ee95b18c706839c28d3a0220e5bc470e9cd9262410c90793c45ff8b7c"
url = "https://get.helm.sh/helm-v4.2.3-linux-amd64.tar.gz"

[tools.helm."platforms.linux-x64-musl"]
checksum = "sha256:e9b88b4ee95b18c706839c28d3a0220e5bc470e9cd9262410c90793c45ff8b7c"
url = "https://get.helm.sh/helm-v4.2.3-linux-amd64.tar.gz"

[tools.helm."platforms.macos-arm64"]
checksum = "sha256:048ecf5ad3160f83d918f9fe945238d2132b079640f7b106175331c25f242c64"
url = "https://get.helm.sh/helm-v4.2.3-darwin-arm64.tar.gz"

[tools.helm."platforms.macos-x64"]
checksum = "sha256:ff3ac86755a45f3422473bc1200776aac0fe04c5766abe6ca66699f7b564b23b"
url = "https://get.helm.sh/helm-v4.2.3-darwin-amd64.tar.gz"

[tools.helm."platforms.windows-x64"]
checksum = "sha256:02c6137bb5f050479193afad5a28804e9edc3beeab7e7b53a6e1499c9ba387ef"
url = "https://get.helm.sh/helm-v4.2.3-windows-amd64.tar.gz"

[[tools.helmfile]]
version = "1.7.1"
backend = "aqua:helmfile/helmfile"

[tools.helmfile."platforms.linux-arm64"]
checksum = "sha256:c957e2a07469b535b427e9838e6edd30202366bd5a06e0aa3aaa6f562deeb29e"
url = "https://github.com/helmfile/helmfile/releases/download/v1.7.1/helmfile_1.7.1_linux_arm64.tar.gz"

[tools.helmfile."platforms.linux-arm64-musl"]
checksum = "sha256:c957e2a07469b535b427e9838e6edd30202366bd5a06e0aa3aaa6f562deeb29e"
url = "https://github.com/helmfile/helmfile/releases/download/v1.7.1/helmfile_1.7.1_linux_arm64.tar.gz"

[tools.helmfile."platforms.linux-x64"]
checksum = "sha256:d84a8e5ffdbfd66f1bfb4b11967b9d2981d8515c7d6e312ee0cd89b613c8b352"
url = "https://github.com/helmfile/helmfile/releases/download/v1.7.1/helmfile_1.7.1_linux_amd64.tar.gz"

[tools.helmfile."platforms.linux-x64-musl"]
checksum = "sha256:d84a8e5ffdbfd66f1bfb4b11967b9d2981d8515c7d6e312ee0cd89b613c8b352"
url = "https://github.com/helmfile/helmfile/releases/download/v1.7.1/helmfile_1.7.1_linux_amd64.tar.gz"

[tools.helmfile."platforms.macos-arm64"]
checksum = "sha256:96588f4f413ef5d4a3709013a52de73b41a845e6cf83c7ba9bab3266c8225730"
url = "https://github.com/helmfile/helmfile/releases/download/v1.7.1/helmfile_1.7.1_darwin_arm64.tar.gz"

[tools.helmfile."platforms.macos-x64"]
checksum = "sha256:af46902ff69e9df2cb6bff69d3aa1fd7e8ffa357a3a4c889257a7bd40e27c01a"
url = "https://github.com/helmfile/helmfile/releases/download/v1.7.1/helmfile_1.7.1_darwin_amd64.tar.gz"

[tools.helmfile."platforms.windows-x64"]
checksum = "sha256:51d0d83c2923e7f0ab064761b3013117e717e8076ab05bdda55f5b6c30f96f71"
url = "https://github.com/helmfile/helmfile/releases/download/v1.7.1/helmfile_1.7.1_windows_amd64.tar.gz"
